
Microsoft Visual Studio Solution File, Format Version 12.00
# Visual Studio Version 16
VisualStudioVersion = 16.0.29324.140
MinimumVisualStudioVersion = 10.0.40219.1
Project("{FAE04EC0-301F-11D3-BF4B-00C04F79EFBC}") = "SnakeProject", "SnakeProject\SnakeProject.csproj", "{896AB8F5-5C3D-4158-968F-38DFC67A8ED8}"
EndProject
Global
	GlobalSection(SolutionConfigurationPlatforms) = preSolution
		Debug|Any CPU = Debug|Any CPU
		Release|Any CPU = Release|Any CPU
	EndGlobalSection
	GlobalSection(ProjectConfigurationPlatforms) = postSolution
		{896AB8F5-5C3D-4158-968F-38DFC67A8ED8}.Debug|Any CPU.ActiveCfg = Debug|Any CPU
		{896AB8F5-5C3D-4158-968F-38DFC67A8ED8}.Debug|Any CPU.Build.0 = Debug|Any CPU
		{896AB8F5-5C3D-4158-968F-38DFC67A8ED8}.Release|Any CPU.ActiveCfg = Release|Any CPU
		{896AB8F5-5C3D-4158-968F-38DFC67A8ED8}.Release|Any CPU.Build.0 = Release|Any CPU
	EndGlobalSection
	GlobalSection(SolutionProperties) = preSolution
		HideSolutionNode = FALSE
	EndGlobalSection
	GlobalSection(ExtensibilityGlobals) = postSolution
		SolutionGuid = {47E9C46B-F08E-4897-AF3C-9BCDB5283B71}
	EndGlobalSection
EndGlobal
